
Microsoft Visual Studio Solution File, Format Version 12.00
# Visual Studio 15
VisualStudioVersion = 15.0.28307.902
MinimumVisualStudioVersion = 10.0.40219.1
Project("{159641D6-6404-4A2A-AE62-294DE0FE8301}") = "TestHomework", "TestHomework\TestHomework.dtproj", "{26C80DAA-946B-4CC2-AAF8-71217E030746}"
EndProject
Global
	GlobalSection(SolutionConfigurationPlatforms) = preSolution
		Development|Default = Development|Default
	EndGlobalSection
	GlobalSection(ProjectConfigurationPlatforms) = postSolution
		{26C80DAA-946B-4CC2-AAF8-71217E030746}.Development|Default.ActiveCfg = Development
		{26C80DAA-946B-4CC2-AAF8-71217E030746}.Development|Default.Build.0 = Development
	EndGlobalSection
	GlobalSection(SolutionProperties) = preSolution
		HideSolutionNode = FALSE
	EndGlobalSection
	GlobalSection(ExtensibilityGlobals) = postSolution
		SolutionGuid = {DEADF320-328F-4993-827E-1C4B6D0DEC80}
	EndGlobalSection
EndGlobal
