
Microsoft Visual Studio Solution File, Format Version 12.00
# Visual Studio 15
VisualStudioVersion = 15.0.28307.902
MinimumVisualStudioVersion = 10.0.40219.1
Project("{159641D6-6404-4A2A-AE62-294DE0FE8301}") = "New Project", "New Project\New Project.dtproj", "{6E529B82-2975-4309-8BC8-E19FE82A8524}"
EndProject
Global
	GlobalSection(SolutionConfigurationPlatforms) = preSolution
		Development|Default = Development|Default
	EndGlobalSection
	GlobalSection(ProjectConfigurationPlatforms) = postSolution
		{6E529B82-2975-4309-8BC8-E19FE82A8524}.Development|Default.ActiveCfg = Development
		{6E529B82-2975-4309-8BC8-E19FE82A8524}.Development|Default.Build.0 = Development
	EndGlobalSection
	GlobalSection(SolutionProperties) = preSolution
		HideSolutionNode = FALSE
	EndGlobalSection
	GlobalSection(ExtensibilityGlobals) = postSolution
		SolutionGuid = {C13B7E7C-F364-417B-BE63-8D60852D9746}
	EndGlobalSection
EndGlobal
